// !$*UTF8*$!
{
	archiveVersion = 1;
	classes = {
	};
	objectVersion = 50;
	objects = {

/* Begin PBXBuildFile section */
		0A052C4E20863CF300287A7B /* AppDelegate.m in Sources */ = {isa = PBXBuildFile; fileRef = 0A052C4D20863CF300287A7B /* AppDelegate.m */; };
		0A052C5120863CF300287A7B /* ViewController.m in Sources */ = {isa = PBXBuildFile; fileRef = 0A052C5020863CF300287A7B /* ViewController.m */; };
		0A052C5420863CF300287A7B /* Main.storyboard in Resources */ = {isa = PBXBuildFile; fileRef = 0A052C5220863CF300287A7B /* Main.storyboard */; };
		0A052C5620863CF400287A7B /* Assets.xcassets in Resources */ = {isa = PBXBuildFile; fileRef = 0A052C5520863CF400287A7B /* Assets.xcassets */; };
		0A052C5920863CF400287A7B /* LaunchScreen.storyboard in Resources */ = {isa = PBXBuildFile; fileRef = 0A052C5720863CF400287A7B /* LaunchScreen.storyboard */; };
		0A052C5C20863CF400287A7B /* main.m in Sources */ = {isa = PBXBuildFile; fileRef = 0A052C5B20863CF400287A7B /* main.m */; };
		0A052C6D20863D1A00287A7B /* OOHTTP.framework in Frameworks */ = {isa = PBXBuildFile; fileRef = 0A3F7E6F20805D9800FDA9E1 /* OOHTTP.framework */; };
		0A052C6E20863D1A00287A7B /* OOHTTP.framework in Embed Frameworks */ = {isa = PBXBuildFile; fileRef = 0A3F7E6F20805D9800FDA9E1 /* OOHTTP.framework */; settings = {ATTRIBUTES = (CodeSignOnCopy, RemoveHeadersOnCopy, ); }; };
		0A3F7E7420805D9800FDA9E1 /* OOHTTP.h in Headers */ = {isa = PBXBuildFile; fileRef = 0A3F7E7220805D9800FDA9E1 /* OOHTTP.h */; settings = {ATTRIBUTES = (Public, ); }; };
		0A3F7E8720805E4D00FDA9E1 /* OOHTTPTask.h in Headers */ = {isa = PBXBuildFile; fileRef = 0A3F7E7B20805E4B00FDA9E1 /* OOHTTPTask.h */; settings = {ATTRIBUTES = (Public, ); }; };
		0A3F7E8A20805E4D00FDA9E1 /* AFJSONRequestSerializer+OOHTTP.h in Headers */ = {isa = PBXBuildFile; fileRef = 0A3F7E7E20805E4C00FDA9E1 /* AFJSONRequestSerializer+OOHTTP.h */; };
		0A3F7E8C20805E4D00FDA9E1 /* AFPropertyListRequestSerializer+OOHTTP.m in Sources */ = {isa = PBXBuildFile; fileRef = 0A3F7E8020805E4C00FDA9E1 /* AFPropertyListRequestSerializer+OOHTTP.m */; };
		0A3F7E8D20805E4D00FDA9E1 /* AFHTTPRequestSerializer+OOHTTP.h in Headers */ = {isa = PBXBuildFile; fileRef = 0A3F7E8120805E4C00FDA9E1 /* AFHTTPRequestSerializer+OOHTTP.h */; };
		0A3F7E8E20805E4D00FDA9E1 /* OOHTTPTask.m in Sources */ = {isa = PBXBuildFile; fileRef = 0A3F7E8220805E4C00FDA9E1 /* OOHTTPTask.m */; };
		0A3F7E8F20805E4D00FDA9E1 /* AFJSONRequestSerializer+OOHTTP.m in Sources */ = {isa = PBXBuildFile; fileRef = 0A3F7E8320805E4C00FDA9E1 /* AFJSONRequestSerializer+OOHTTP.m */; };
		0A3F7E9120805E4D00FDA9E1 /* AFPropertyListRequestSerializer+OOHTTP.h in Headers */ = {isa = PBXBuildFile; fileRef = 0A3F7E8520805E4C00FDA9E1 /* AFPropertyListRequestSerializer+OOHTTP.h */; };
		0A3F7E9220805E4D00FDA9E1 /* AFHTTPRequestSerializer+OOHTTP.m in Sources */ = {isa = PBXBuildFile; fileRef = 0A3F7E8620805E4D00FDA9E1 /* AFHTTPRequestSerializer+OOHTTP.m */; };
		65124DE265D9193D9FDAF753 /* Pods_OOHTTP.framework in Frameworks */ = {isa = PBXBuildFile; fileRef = 38F3C33FE74C2BA45176CEFE /* Pods_OOHTTP.framework */; };
		F4BA3620A11B56BF018DC419 /* Pods_Example.framework in Frameworks */ = {isa = PBXBuildFile; fileRef = 8E62DA4C3CE35006CFC42189 /* Pods_Example.framework */; };
/* End PBXBuildFile section */

/* Begin PBXContainerItemProxy section */
		0A052C6F20863D1A00287A7B /* PBXContainerItemProxy */ = {
			isa = PBXContainerItemProxy;
			containerPortal = 0A3F7E6620805D9800FDA9E1 /* Project object */;
			proxyType = 1;
			remoteGlobalIDString = 0A3F7E6E20805D9800FDA9E1;
			remoteInfo = OOHTTP;
		};
/* End PBXContainerItemProxy section */

/* Begin PBXCopyFilesBuildPhase section */
		0A052C7120863D1A00287A7B /* Embed Frameworks */ = {
			isa = PBXCopyFilesBuildPhase;
			buildActionMask = 2147483647;
			dstPath = "";
			dstSubfolderSpec = 10;
			files = (
				0A052C6E20863D1A00287A7B /* OOHTTP.framework in Embed Frameworks */,
			);
			name = "Embed Frameworks";
			runOnlyForDeploymentPostprocessing = 0;
		};
/* End PBXCopyFilesBuildPhase section */

/* Begin PBXFileReference section */
		0A052C4A20863CF200287A7B /* Example.app */ = {isa = PBXFileReference; explicitFileType = wrapper.application; includeInIndex = 0; path = Example.app; sourceTree = BUILT_PRODUCTS_DIR; };
		0A052C4C20863CF200287A7B /* AppDelegate.h */ = {isa = PBXFileReference; lastKnownFileType = sourcecode.c.h; path = AppDelegate.h; sourceTree = "<group>"; };
		0A052C4D20863CF300287A7B /* AppDelegate.m */ = {isa = PBXFileReference; lastKnownFileType = sourcecode.c.objc; path = AppDelegate.m; sourceTree = "<group>"; };
		0A052C4F20863CF300287A7B /* ViewController.h */ = {isa = PBXFileReference; lastKnownFileType = sourcecode.c.h; path = ViewController.h; sourceTree = "<group>"; };
		0A052C5020863CF300287A7B /* ViewController.m */ = {isa = PBXFileReference; lastKnownFileType = sourcecode.c.objc; path = ViewController.m; sourceTree = "<group>"; };
		0A052C5320863CF300287A7B /* Base */ = {isa = PBXFileReference; lastKnownFileType = file.storyboard; name = Base; path = Base.lproj/Main.storyboard; sourceTree = "<group>"; };
		0A052C5520863CF400287A7B /* Assets.xcassets */ = {isa = PBXFileReference; lastKnownFileType = folder.assetcatalog; path = Assets.xcassets; sourceTree = "<group>"; };
		0A052C5820863CF400287A7B /* Base */ = {isa = PBXFileReference; lastKnownFileType = file.storyboard; name = Base; path = Base.lproj/LaunchScreen.storyboard; sourceTree = "<group>"; };
		0A052C5A20863CF400287A7B /* Info.plist */ = {isa = PBXFileReference; lastKnownFileType = text.plist.xml; path = Info.plist; sourceTree = "<group>"; };
		0A052C5B20863CF400287A7B /* main.m */ = {isa = PBXFileReference; lastKnownFileType = sourcecode.c.objc; path = main.m; sourceTree = "<group>"; };
		0A3F7E6F20805D9800FDA9E1 /* OOHTTP.framework */ = {isa = PBXFileReference; explicitFileType = wrapper.framework; includeInIndex = 0; path = OOHTTP.framework; sourceTree = BUILT_PRODUCTS_DIR; };
		0A3F7E7220805D9800FDA9E1 /* OOHTTP.h */ = {isa = PBXFileReference; lastKnownFileType = sourcecode.c.h; path = OOHTTP.h; sourceTree = "<group>"; };
		0A3F7E7320805D9800FDA9E1 /* Info.plist */ = {isa = PBXFileReference; lastKnownFileType = text.plist.xml; path = Info.plist; sourceTree = "<group>"; };
		0A3F7E7A20805DCB00FDA9E1 /* OOHTTP.podspec */ = {isa = PBXFileReference; lastKnownFileType = text; path = OOHTTP.podspec; sourceTree = SOURCE_ROOT; };
		0A3F7E7B20805E4B00FDA9E1 /* OOHTTPTask.h */ = {isa = PBXFileReference; fileEncoding = 4; lastKnownFileType = sourcecode.c.h; path = OOHTTPTask.h; sourceTree = "<group>"; };
		0A3F7E7E20805E4C00FDA9E1 /* AFJSONRequestSerializer+OOHTTP.h */ = {isa = PBXFileReference; fileEncoding = 4; lastKnownFileType = sourcecode.c.h; path = "AFJSONRequestSerializer+OOHTTP.h"; sourceTree = "<group>"; };
		0A3F7E8020805E4C00FDA9E1 /* AFPropertyListRequestSerializer+OOHTTP.m */ = {isa = PBXFileReference; fileEncoding = 4; lastKnownFileType = sourcecode.c.objc; path = "AFPropertyListRequestSerializer+OOHTTP.m"; sourceTree = "<group>"; };
		0A3F7E8120805E4C00FDA9E1 /* AFHTTPRequestSerializer+OOHTTP.h */ = {isa = PBXFileReference; fileEncoding = 4; lastKnownFileType = sourcecode.c.h; path = "AFHTTPRequestSerializer+OOHTTP.h"; sourceTree = "<group>"; };
		0A3F7E8220805E4C00FDA9E1 /* OOHTTPTask.m */ = {isa = PBXFileReference; fileEncoding = 4; lastKnownFileType = sourcecode.c.objc; path = OOHTTPTask.m; sourceTree = "<group>"; };
		0A3F7E8320805E4C00FDA9E1 /* AFJSONRequestSerializer+OOHTTP.m */ = {isa = PBXFileReference; fileEncoding = 4; lastKnownFileType = sourcecode.c.objc; path = "AFJSONRequestSerializer+OOHTTP.m"; sourceTree = "<group>"; };
		0A3F7E8520805E4C00FDA9E1 /* AFPropertyListRequestSerializer+OOHTTP.h */ = {isa = PBXFileReference; fileEncoding = 4; lastKnownFileType = sourcecode.c.h; path = "AFPropertyListRequestSerializer+OOHTTP.h"; sourceTree = "<group>"; };
		0A3F7E8620805E4D00FDA9E1 /* AFHTTPRequestSerializer+OOHTTP.m */ = {isa = PBXFileReference; fileEncoding = 4; lastKnownFileType = sourcecode.c.objc; path = "AFHTTPRequestSerializer+OOHTTP.m"; sourceTree = "<group>"; };
		0A3F7E93208062EF00FDA9E1 /* README.md */ = {isa = PBXFileReference; lastKnownFileType = net.daringfireball.markdown; path = README.md; sourceTree = SOURCE_ROOT; };
		38F3C33FE74C2BA45176CEFE /* Pods_OOHTTP.framework */ = {isa = PBXFileReference; explicitFileType = wrapper.framework; includeInIndex = 0; path = Pods_OOHTTP.framework; sourceTree = BUILT_PRODUCTS_DIR; };
		3DCBC72FEE1013DAA36E8ED5 /* Pods-OOHTTP.release.xcconfig */ = {isa = PBXFileReference; includeInIndex = 1; lastKnownFileType = text.xcconfig; name = "Pods-OOHTTP.release.xcconfig"; path = "Pods/Target Support Files/Pods-OOHTTP/Pods-OOHTTP.release.xcconfig"; sourceTree = "<group>"; };
		87FEF504FFCF9F467290B7D1 /* Pods-Example.debug.xcconfig */ = {isa = PBXFileReference; includeInIndex = 1; lastKnownFileType = text.xcconfig; name = "Pods-Example.debug.xcconfig"; path = "Pods/Target Support Files/Pods-Example/Pods-Example.debug.xcconfig"; sourceTree = "<group>"; };
		8E62DA4C3CE35006CFC42189 /* Pods_Example.framework */ = {isa = PBXFileReference; explicitFileType = wrapper.framework; includeInIndex = 0; path = Pods_Example.framework; sourceTree = BUILT_PRODUCTS_DIR; };
		9853EF4A38BE63AB9F95E0B6 /* Pods-Example.release.xcconfig */ = {isa = PBXFileReference; includeInIndex = 1; lastKnownFileType = text.xcconfig; name = "Pods-Example.release.xcconfig"; path = "Pods/Target Support Files/Pods-Example/Pods-Example.release.xcconfig"; sourceTree = "<group>"; };
		D7685446EAA231E30F916268 /* Pods-OOHTTP.debug.xcconfig */ = {isa = PBXFileReference; includeInIndex = 1; lastKnownFileType = text.xcconfig; name = "Pods-OOHTTP.debug.xcconfig"; path = "Pods/Target Support Files/Pods-OOHTTP/Pods-OOHTTP.debug.xcconfig"; sourceTree = "<group>"; };
/* End PBXFileReference section */

/* Begin PBXFrameworksBuildPhase section */
		0A052C4720863CF200287A7B /* Frameworks */ = {
			isa = PBXFrameworksBuildPhase;
			buildActionMask = 2147483647;
			files = (
				0A052C6D20863D1A00287A7B /* OOHTTP.framework in Frameworks */,
				F4BA3620A11B56BF018DC419 /* Pods_Example.framework in Frameworks */,
			);
			runOnlyForDeploymentPostprocessing = 0;
		};
		0A3F7E6B20805D9800FDA9E1 /* Frameworks */ = {
			isa = PBXFrameworksBuildPhase;
			buildActionMask = 2147483647;
			files = (
				65124DE265D9193D9FDAF753 /* Pods_OOHTTP.framework in Frameworks */,
			);
			runOnlyForDeploymentPostprocessing = 0;
		};
/* End PBXFrameworksBuildPhase section */

/* Begin PBXGroup section */
		0A052C4B20863CF200287A7B /* Example */ = {
			isa = PBXGroup;
			children = (
				0A052C4C20863CF200287A7B /* AppDelegate.h */,
				0A052C4D20863CF300287A7B /* AppDelegate.m */,
				0A052C4F20863CF300287A7B /* ViewController.h */,
				0A052C5020863CF300287A7B /* ViewController.m */,
				0A052C5220863CF300287A7B /* Main.storyboard */,
				0A052C5520863CF400287A7B /* Assets.xcassets */,
				0A052C5720863CF400287A7B /* LaunchScreen.storyboard */,
				0A052C5A20863CF400287A7B /* Info.plist */,
				0A052C5B20863CF400287A7B /* main.m */,
			);
			path = Example;
			sourceTree = "<group>";
		};
		0A3F7E6520805D9800FDA9E1 = {
			isa = PBXGroup;
			children = (
				0A3F7E7120805D9800FDA9E1 /* OOHTTP */,
				0A052C4B20863CF200287A7B /* Example */,
				0A3F7E7020805D9800FDA9E1 /* Products */,
				EBDF7129EAA89C4CE22301DF /* Pods */,
				7B719A042CAF4C71E2B9B3DC /* Frameworks */,
			);
			sourceTree = "<group>";
		};
		0A3F7E7020805D9800FDA9E1 /* Products */ = {
			isa = PBXGroup;
			children = (
				0A3F7E6F20805D9800FDA9E1 /* OOHTTP.framework */,
				0A052C4A20863CF200287A7B /* Example.app */,
			);
			name = Products;
			sourceTree = "<group>";
		};
		0A3F7E7120805D9800FDA9E1 /* OOHTTP */ = {
			isa = PBXGroup;
			children = (
				0A3F7E8120805E4C00FDA9E1 /* AFHTTPRequestSerializer+OOHTTP.h */,
				0A3F7E8620805E4D00FDA9E1 /* AFHTTPRequestSerializer+OOHTTP.m */,
				0A3F7E7E20805E4C00FDA9E1 /* AFJSONRequestSerializer+OOHTTP.h */,
				0A3F7E8320805E4C00FDA9E1 /* AFJSONRequestSerializer+OOHTTP.m */,
				0A3F7E8520805E4C00FDA9E1 /* AFPropertyListRequestSerializer+OOHTTP.h */,
				0A3F7E8020805E4C00FDA9E1 /* AFPropertyListRequestSerializer+OOHTTP.m */,
				0A3F7E7320805D9800FDA9E1 /* Info.plist */,
				0A3F7E7220805D9800FDA9E1 /* OOHTTP.h */,
				0A3F7E7A20805DCB00FDA9E1 /* OOHTTP.podspec */,
				0A3F7E7B20805E4B00FDA9E1 /* OOHTTPTask.h */,
				0A3F7E8220805E4C00FDA9E1 /* OOHTTPTask.m */,
				0A3F7E93208062EF00FDA9E1 /* README.md */,
			);
			path = OOHTTP;
			sourceTree = "<group>";
		};
		7B719A042CAF4C71E2B9B3DC /* Frameworks */ = {
			isa = PBXGroup;
			children = (
				8E62DA4C3CE35006CFC42189 /* Pods_Example.framework */,
				38F3C33FE74C2BA45176CEFE /* Pods_OOHTTP.framework */,
			);
			name = Frameworks;
			sourceTree = "<group>";
		};
		EBDF7129EAA89C4CE22301DF /* Pods */ = {
			isa = PBXGroup;
			children = (
				87FEF504FFCF9F467290B7D1 /* Pods-Example.debug.xcconfig */,
				9853EF4A38BE63AB9F95E0B6 /* Pods-Example.release.xcconfig */,
				D7685446EAA231E30F916268 /* Pods-OOHTTP.debug.xcconfig */,
				3DCBC72FEE1013DAA36E8ED5 /* Pods-OOHTTP.release.xcconfig */,
			);
			name = Pods;
			sourceTree = "<group>";
		};
/* End PBXGroup section */

/* Begin PBXHeadersBuildPhase section */
		0A3F7E6C20805D9800FDA9E1 /* Headers */ = {
			isa = PBXHeadersBuildPhase;
			buildActionMask = 2147483647;
			files = (
				0A3F7E7420805D9800FDA9E1 /* OOHTTP.h in Headers */,
				0A3F7E8720805E4D00FDA9E1 /* OOHTTPTask.h in Headers */,
				0A3F7E9120805E4D00FDA9E1 /* AFPropertyListRequestSerializer+OOHTTP.h in Headers */,
				0A3F7E8D20805E4D00FDA9E1 /* AFHTTPRequestSerializer+OOHTTP.h in Headers */,
				0A3F7E8A20805E4D00FDA9E1 /* AFJSONRequestSerializer+OOHTTP.h in Headers */,
			);
			runOnlyForDeploymentPostprocessing = 0;
		};
/* End PBXHeadersBuildPhase section */

/* Begin PBXNativeTarget section */
		0A052C4920863CF200287A7B /* Example */ = {
			isa = PBXNativeTarget;
			buildConfigurationList = 0A052C6C20863CF400287A7B /* Build configuration list for PBXNativeTarget "Example" */;
			buildPhases = (
				83ADB390D568ADC5ED979837 /* [CP] Check Pods Manifest.lock */,
				0A052C4620863CF200287A7B /* Sources */,
				0A052C4720863CF200287A7B /* Frameworks */,
				0A052C4820863CF200287A7B /* Resources */,
				0A052C7120863D1A00287A7B /* Embed Frameworks */,
				EF2C0F8FF57298512F14B0D1 /* [CP] Embed Pods Frameworks */,
			);
			buildRules = (
			);
			dependencies = (
				0A052C7020863D1A00287A7B /* PBXTargetDependency */,
			);
			name = Example;
			productName = Example;
			productReference = 0A052C4A20863CF200287A7B /* Example.app */;
			productType = "com.apple.product-type.application";
		};
		0A3F7E6E20805D9800FDA9E1 /* OOHTTP */ = {
			isa = PBXNativeTarget;
			buildConfigurationList = 0A3F7E7720805D9800FDA9E1 /* Build configuration list for PBXNativeTarget "OOHTTP" */;
			buildPhases = (
				6260F60840E399207F8B07F4 /* [CP] Check Pods Manifest.lock */,
				0A3F7E6A20805D9800FDA9E1 /* Sources */,
				0A3F7E6B20805D9800FDA9E1 /* Frameworks */,
				0A3F7E6C20805D9800FDA9E1 /* Headers */,
				0A3F7E6D20805D9800FDA9E1 /* Resources */,
			);
			buildRules = (
			);
			dependencies = (
			);
			name = OOHTTP;
			productName = OOHTTP;
			productReference = 0A3F7E6F20805D9800FDA9E1 /* OOHTTP.framework */;
			productType = "com.apple.product-type.framework";
		};
/* End PBXNativeTarget section */

/* Begin PBXProject section */
		0A3F7E6620805D9800FDA9E1 /* Project object */ = {
			isa = PBXProject;
			attributes = {
				LastUpgradeCheck = 0930;
				ORGANIZATIONNAME = emsihyo;
				TargetAttributes = {
					0A052C4920863CF200287A7B = {
						CreatedOnToolsVersion = 9.3;
					};
					0A3F7E6E20805D9800FDA9E1 = {
						CreatedOnToolsVersion = 9.3;
					};
				};
			};
			buildConfigurationList = 0A3F7E6920805D9800FDA9E1 /* Build configuration list for PBXProject "OOHTTP" */;
			compatibilityVersion = "Xcode 9.3";
			developmentRegion = en;
			hasScannedForEncodings = 0;
			knownRegions = (
				en,
				Base,
			);
			mainGroup = 0A3F7E6520805D9800FDA9E1;
			productRefGroup = 0A3F7E7020805D9800FDA9E1 /* Products */;
			projectDirPath = "";
			projectRoot = "";
			targets = (
				0A3F7E6E20805D9800FDA9E1 /* OOHTTP */,
				0A052C4920863CF200287A7B /* Example */,
			);
		};
/* End PBXProject section */

/* Begin PBXResourcesBuildPhase section */
		0A052C4820863CF200287A7B /* Resources */ = {
			isa = PBXResourcesBuildPhase;
			buildActionMask = 2147483647;
			files = (
				0A052C5920863CF400287A7B /* LaunchScreen.storyboard in Resources */,
				0A052C5620863CF400287A7B /* Assets.xcassets in Resources */,
				0A052C5420863CF300287A7B /* Main.storyboard in Resources */,
			);
			runOnlyForDeploymentPostprocessing = 0;
		};
		0A3F7E6D20805D9800FDA9E1 /* Resources */ = {
			isa = PBXResourcesBuildPhase;
			buildActionMask = 2147483647;
			files = (
			);
			runOnlyForDeploymentPostprocessing = 0;
		};
/* End PBXResourcesBuildPhase section */

/* Begin PBXShellScriptBuildPhase section */
		6260F60840E399207F8B07F4 /* [CP] Check Pods Manifest.lock */ = {
			isa = PBXShellScriptBuildPhase;
			buildActionMask = 2147483647;
			files = (
			);
			inputPaths = (
				"${PODS_PODFILE_DIR_PATH}/Podfile.lock",
				"${PODS_ROOT}/Manifest.lock",
			);
			name = "[CP] Check Pods Manifest.lock";
			outputPaths = (
				"$(DERIVED_FILE_DIR)/Pods-OOHTTP-checkManifestLockResult.txt",
			);
			runOnlyForDeploymentPostprocessing = 0;
			shellPath = /bin/sh;
			shellScript = "diff \"${PODS_PODFILE_DIR_PATH}/Podfile.lock\" \"${PODS_ROOT}/Manifest.lock\" > /dev/null\nif [ $? != 0 ] ; then\n    # print error to STDERR\n    echo \"error: The sandbox is not in sync with the Podfile.lock. Run 'pod install' or update your CocoaPods installation.\" >&2\n    exit 1\nfi\n# This output is used by Xcode 'outputs' to avoid re-running this script phase.\necho \"SUCCESS\" > \"${SCRIPT_OUTPUT_FILE_0}\"\n";
			showEnvVarsInLog = 0;
		};
		83ADB390D568ADC5ED979837 /* [CP] Check Pods Manifest.lock */ = {
			isa = PBXShellScriptBuildPhase;
			buildActionMask = 2147483647;
			files = (
			);
			inputPaths = (
				"${PODS_PODFILE_DIR_PATH}/Podfile.lock",
				"${PODS_ROOT}/Manifest.lock",
			);
			name = "[CP] Check Pods Manifest.lock";
			outputPaths = (
				"$(DERIVED_FILE_DIR)/Pods-Example-checkManifestLockResult.txt",
			);
			runOnlyForDeploymentPostprocessing = 0;
			shellPath = /bin/sh;
			shellScript = "diff \"${PODS_PODFILE_DIR_PATH}/Podfile.lock\" \"${PODS_ROOT}/Manifest.lock\" > /dev/null\nif [ $? != 0 ] ; then\n    # print error to STDERR\n    echo \"error: The sandbox is not in sync with the Podfile.lock. Run 'pod install' or update your CocoaPods installation.\" >&2\n    exit 1\nfi\n# This output is used by Xcode 'outputs' to avoid re-running this script phase.\necho \"SUCCESS\" > \"${SCRIPT_OUTPUT_FILE_0}\"\n";
			showEnvVarsInLog = 0;
		};
		EF2C0F8FF57298512F14B0D1 /* [CP] Embed Pods Frameworks */ = {
			isa = PBXShellScriptBuildPhase;
			buildActionMask = 2147483647;
			files = (
			);
			inputPaths = (
				"${SRCROOT}/Pods/Target Support Files/Pods-Example/Pods-Example-frameworks.sh",
				"${BUILT_PRODUCTS_DIR}/AFNetworking/AFNetworking.framework",
				"${BUILT_PRODUCTS_DIR}/JRSwizzle/JRSwizzle.framework",
			);
			name = "[CP] Embed Pods Frameworks";
			outputPaths = (
				"${TARGET_BUILD_DIR}/${FRAMEWORKS_FOLDER_PATH}/AFNetworking.framework",
				"${TARGET_BUILD_DIR}/${FRAMEWORKS_FOLDER_PATH}/JRSwizzle.framework",
			);
			runOnlyForDeploymentPostprocessing = 0;
			shellPath = /bin/sh;
			shellScript = "\"${SRCROOT}/Pods/Target Support Files/Pods-Example/Pods-Example-frameworks.sh\"\n";
			showEnvVarsInLog = 0;
		};
/* End PBXShellScriptBuildPhase section */

/* Begin PBXSourcesBuildPhase section */
		0A052C4620863CF200287A7B /* Sources */ = {
			isa = PBXSourcesBuildPhase;
			buildActionMask = 2147483647;
			files = (
				0A052C5120863CF300287A7B /* ViewController.m in Sources */,
				0A052C5C20863CF400287A7B /* main.m in Sources */,
				0A052C4E20863CF300287A7B /* AppDelegate.m in Sources */,
			);
			runOnlyForDeploymentPostprocessing = 0;
		};
		0A3F7E6A20805D9800FDA9E1 /* Sources */ = {
			isa = PBXSourcesBuildPhase;
			buildActionMask = 2147483647;
			files = (
				0A3F7E9220805E4D00FDA9E1 /* AFHTTPRequestSerializer+OOHTTP.m in Sources */,
				0A3F7E8F20805E4D00FDA9E1 /* AFJSONRequestSerializer+OOHTTP.m in Sources */,
				0A3F7E8E20805E4D00FDA9E1 /* OOHTTPTask.m in Sources */,
				0A3F7E8C20805E4D00FDA9E1 /* AFPropertyListRequestSerializer+OOHTTP.m in Sources */,
			);
			runOnlyForDeploymentPostprocessing = 0;
		};
/* End PBXSourcesBuildPhase section */

/* Begin PBXTargetDependency section */
		0A052C7020863D1A00287A7B /* PBXTargetDependency */ = {
			isa = PBXTargetDependency;
			target = 0A3F7E6E20805D9800FDA9E1 /* OOHTTP */;
			targetProxy = 0A052C6F20863D1A00287A7B /* PBXContainerItemProxy */;
		};
/* End PBXTargetDependency section */

/* Begin PBXVariantGroup section */
		0A052C5220863CF300287A7B /* Main.storyboard */ = {
			isa = PBXVariantGroup;
			children = (
				0A052C5320863CF300287A7B /* Base */,
			);
			name = Main.storyboard;
			sourceTree = "<group>";
		};
		0A052C5720863CF400287A7B /* LaunchScreen.storyboard */ = {
			isa = PBXVariantGroup;
			children = (
				0A052C5820863CF400287A7B /* Base */,
			);
			name = LaunchScreen.storyboard;
			sourceTree = "<group>";
		};
/* End PBXVariantGroup section */

/* Begin XCBuildConfiguration section */
		0A052C5D20863CF400287A7B /* Debug */ = {
			isa = XCBuildConfiguration;
			baseConfigurationReference = 87FEF504FFCF9F467290B7D1 /* Pods-Example.debug.xcconfig */;
			buildSettings = {
				ASSETCATALOG_COMPILER_APPICON_NAME = AppIcon;
				CODE_SIGN_STYLE = Automatic;
				DEVELOPMENT_TEAM = N4WZ33Z6KM;
				INFOPLIST_FILE = Example/Info.plist;
				LD_RUNPATH_SEARCH_PATHS = "$(inherited) @executable_path/Frameworks";
				PRODUCT_BUNDLE_IDENTIFIER = com.emsihyo.OOHTTP.Example;
				PRODUCT_NAME = "$(TARGET_NAME)";
				TARGETED_DEVICE_FAMILY = "1,2";
			};
			name = Debug;
		};
		0A052C5E20863CF400287A7B /* Release */ = {
			isa = XCBuildConfiguration;
			baseConfigurationReference = 9853EF4A38BE63AB9F95E0B6 /* Pods-Example.release.xcconfig */;
			buildSettings = {
				ASSETCATALOG_COMPILER_APPICON_NAME = AppIcon;
				CODE_SIGN_STYLE = Automatic;
				DEVELOPMENT_TEAM = N4WZ33Z6KM;
				INFOPLIST_FILE = Example/Info.plist;
				LD_RUNPATH_SEARCH_PATHS = "$(inherited) @executable_path/Frameworks";
				PRODUCT_BUNDLE_IDENTIFIER = com.emsihyo.OOHTTP.Example;
				PRODUCT_NAME = "$(TARGET_NAME)";
				TARGETED_DEVICE_FAMILY = "1,2";
			};
			name = Release;
		};
		0A3F7E7520805D9800FDA9E1 /* Debug */ = {
			isa = XCBuildConfiguration;
			buildSettings = {
				ALWAYS_SEARCH_USER_PATHS = NO;
				CLANG_ANALYZER_NONNULL = YES;
				CLANG_ANALYZER_NUMBER_OBJECT_CONVERSION = YES_AGGRESSIVE;
				CLANG_CXX_LANGUAGE_STANDARD = "gnu++14";
				CLANG_CXX_LIBRARY = "libc++";
				CLANG_ENABLE_MODULES = YES;
				CLANG_ENABLE_OBJC_ARC = YES;
				CLANG_ENABLE_OBJC_WEAK = YES;
				CLANG_WARN_BLOCK_CAPTURE_AUTORELEASING = YES;
				CLANG_WARN_BOOL_CONVERSION = YES;
				CLANG_WARN_COMMA = YES;
				CLANG_WARN_CONSTANT_CONVERSION = YES;
				CLANG_WARN_DEPRECATED_OBJC_IMPLEMENTATIONS = YES;
				CLANG_WARN_DIRECT_OBJC_ISA_USAGE = YES_ERROR;
				CLANG_WARN_DOCUMENTATION_COMMENTS = YES;
				CLANG_WARN_EMPTY_BODY = YES;
				CLANG_WARN_ENUM_CONVERSION = YES;
				CLANG_WARN_INFINITE_RECURSION = YES;
				CLANG_WARN_INT_CONVERSION = YES;
				CLANG_WARN_NON_LITERAL_NULL_CONVERSION = YES;
				CLANG_WARN_OBJC_IMPLICIT_RETAIN_SELF = YES;
				CLANG_WARN_OBJC_LITERAL_CONVERSION = YES;
				CLANG_WARN_OBJC_ROOT_CLASS = YES_ERROR;
				CLANG_WARN_RANGE_LOOP_ANALYSIS = YES;
				CLANG_WARN_STRICT_PROTOTYPES = YES;
				CLANG_WARN_SUSPICIOUS_MOVE = YES;
				CLANG_WARN_UNGUARDED_AVAILABILITY = YES_AGGRESSIVE;
				CLANG_WARN_UNREACHABLE_CODE = YES;
				CLANG_WARN__DUPLICATE_METHOD_MATCH = YES;
				CODE_SIGN_IDENTITY = "iPhone Developer";
				COPY_PHASE_STRIP = NO;
				CURRENT_PROJECT_VERSION = 1;
				DEBUG_INFORMATION_FORMAT = dwarf;
				ENABLE_STRICT_OBJC_MSGSEND = YES;
				ENABLE_TESTABILITY = YES;
				GCC_C_LANGUAGE_STANDARD = gnu11;
				GCC_DYNAMIC_NO_PIC = NO;
				GCC_NO_COMMON_BLOCKS = YES;
				GCC_OPTIMIZATION_LEVEL = 0;
				GCC_PREPROCESSOR_DEFINITIONS = (
					"DEBUG=1",
					"$(inherited)",
				);
				GCC_WARN_64_TO_32_BIT_CONVERSION = YES;
				GCC_WARN_ABOUT_RETURN_TYPE = YES_ERROR;
				GCC_WARN_UNDECLARED_SELECTOR = YES;
				GCC_WARN_UNINITIALIZED_AUTOS = YES_AGGRESSIVE;
				GCC_WARN_UNUSED_FUNCTION = YES;
				GCC_WARN_UNUSED_VARIABLE = YES;
				IPHONEOS_DEPLOYMENT_TARGET = 11.3;
				MTL_ENABLE_DEBUG_INFO = YES;
				ONLY_ACTIVE_ARCH = YES;
				SDKROOT = iphoneos;
				VERSIONING_SYSTEM = "apple-generic";
				VERSION_INFO_PREFIX = "";
			};
			name = Debug;
		};
		0A3F7E7620805D9800FDA9E1 /* Release */ = {
			isa = XCBuildConfiguration;
			buildSettings = {
				ALWAYS_SEARCH_USER_PATHS = NO;
				CLANG_ANALYZER_NONNULL = YES;
				CLANG_ANALYZER_NUMBER_OBJECT_CONVERSION = YES_AGGRESSIVE;
				CLANG_CXX_LANGUAGE_STANDARD = "gnu++14";
				CLANG_CXX_LIBRARY = "libc++";
				CLANG_ENABLE_MODULES = YES;
				CLANG_ENABLE_OBJC_ARC = YES;
				CLANG_ENABLE_OBJC_WEAK = YES;
				CLANG_WARN_BLOCK_CAPTURE_AUTORELEASING = YES;
				CLANG_WARN_BOOL_CONVERSION = YES;
				CLANG_WARN_COMMA = YES;
				CLANG_WARN_CONSTANT_CONVERSION = YES;
				CLANG_WARN_DEPRECATED_OBJC_IMPLEMENTATIONS = YES;
				CLANG_WARN_DIRECT_OBJC_ISA_USAGE = YES_ERROR;
				CLANG_WARN_DOCUMENTATION_COMMENTS = YES;
				CLANG_WARN_EMPTY_BODY = YES;
				CLANG_WARN_ENUM_CONVERSION = YES;
				CLANG_WARN_INFINITE_RECURSION = YES;
				CLANG_WARN_INT_CONVERSION = YES;
				CLANG_WARN_NON_LITERAL_NULL_CONVERSION = YES;
				CLANG_WARN_OBJC_IMPLICIT_RETAIN_SELF = YES;
				CLANG_WARN_OBJC_LITERAL_CONVERSION = YES;
				CLANG_WARN_OBJC_ROOT_CLASS = YES_ERROR;
				CLANG_WARN_RANGE_LOOP_ANALYSIS = YES;
				CLANG_WARN_STRICT_PROTOTYPES = YES;
				CLANG_WARN_SUSPICIOUS_MOVE = YES;
				CLANG_WARN_UNGUARDED_AVAILABILITY = YES_AGGRESSIVE;
				CLANG_WARN_UNREACHABLE_CODE = YES;
				CLANG_WARN__DUPLICATE_METHOD_MATCH = YES;
				CODE_SIGN_IDENTITY = "iPhone Developer";
				COPY_PHASE_STRIP = NO;
				CURRENT_PROJECT_VERSION = 1;
				DEBUG_INFORMATION_FORMAT = "dwarf-with-dsym";
				ENABLE_NS_ASSERTIONS = NO;
				ENABLE_STRICT_OBJC_MSGSEND = YES;
				GCC_C_LANGUAGE_STANDARD = gnu11;
				GCC_NO_COMMON_BLOCKS = YES;
				GCC_WARN_64_TO_32_BIT_CONVERSION = YES;
				GCC_WARN_ABOUT_RETURN_TYPE = YES_ERROR;
				GCC_WARN_UNDECLARED_SELECTOR = YES;
				GCC_WARN_UNINITIALIZED_AUTOS = YES_AGGRESSIVE;
				GCC_WARN_UNUSED_FUNCTION = YES;
				GCC_WARN_UNUSED_VARIABLE = YES;
				IPHONEOS_DEPLOYMENT_TARGET = 11.3;
				MTL_ENABLE_DEBUG_INFO = NO;
				SDKROOT = iphoneos;
				VALIDATE_PRODUCT = YES;
				VERSIONING_SYSTEM = "apple-generic";
				VERSION_INFO_PREFIX = "";
			};
			name = Release;
		};
		0A3F7E7820805D9800FDA9E1 /* Debug */ = {
			isa = XCBuildConfiguration;
			baseConfigurationReference = D7685446EAA231E30F916268 /* Pods-OOHTTP.debug.xcconfig */;
			buildSettings = {
				CODE_SIGN_IDENTITY = "";
				CODE_SIGN_STYLE = Manual;
				DEFINES_MODULE = YES;
				DEVELOPMENT_TEAM = N4WZ33Z6KM;
				DYLIB_COMPATIBILITY_VERSION = 1;
				DYLIB_CURRENT_VERSION = 1;
				DYLIB_INSTALL_NAME_BASE = "@rpath";
				INFOPLIST_FILE = OOHTTP/Info.plist;
				INSTALL_PATH = "$(LOCAL_LIBRARY_DIR)/Frameworks";
				IPHONEOS_DEPLOYMENT_TARGET = 8.0;
				LD_RUNPATH_SEARCH_PATHS = "$(inherited) @executable_path/Frameworks @loader_path/Frameworks";
				PRODUCT_BUNDLE_IDENTIFIER = com.emsihyo.OOHTTP;
				PRODUCT_NAME = "$(TARGET_NAME:c99extidentifier)";
				PROVISIONING_PROFILE_SPECIFIER = "";
				SKIP_INSTALL = YES;
				TARGETED_DEVICE_FAMILY = "1,2";
			};
			name = Debug;
		};
		0A3F7E7920805D9800FDA9E1 /* Release */ = {
			isa = XCBuildConfiguration;
			baseConfigurationReference = 3DCBC72FEE1013DAA36E8ED5 /* Pods-OOHTTP.release.xcconfig */;
			buildSettings = {
				CODE_SIGN_IDENTITY = "";
				CODE_SIGN_STYLE = Manual;
				DEFINES_MODULE = YES;
				DEVELOPMENT_TEAM = N4WZ33Z6KM;
				DYLIB_COMPATIBILITY_VERSION = 1;
				DYLIB_CURRENT_VERSION = 1;
				DYLIB_INSTALL_NAME_BASE = "@rpath";
				INFOPLIST_FILE = OOHTTP/Info.plist;
				INSTALL_PATH = "$(LOCAL_LIBRARY_DIR)/Frameworks";
				IPHONEOS_DEPLOYMENT_TARGET = 8.0;
				LD_RUNPATH_SEARCH_PATHS = "$(inherited) @executable_path/Frameworks @loader_path/Frameworks";
				PRODUCT_BUNDLE_IDENTIFIER = com.emsihyo.OOHTTP;
				PRODUCT_NAME = "$(TARGET_NAME:c99extidentifier)";
				PROVISIONING_PROFILE_SPECIFIER = "";
				SKIP_INSTALL = YES;
				TARGETED_DEVICE_FAMILY = "1,2";
			};
			name = Release;
		};
/* End XCBuildConfiguration section */

/* Begin XCConfigurationList section */
		0A052C6C20863CF400287A7B /* Build configuration list for PBXNativeTarget "Example" */ = {
			isa = XCConfigurationList;
			buildConfigurations = (
				0A052C5D20863CF400287A7B /* Debug */,
				0A052C5E20863CF400287A7B /* Release */,
			);
			defaultConfigurationIsVisible = 0;
			defaultConfigurationName = Release;
		};
		0A3F7E6920805D9800FDA9E1 /* Build configuration list for PBXProject "OOHTTP" */ = {
			isa = XCConfigurationList;
			buildConfigurations = (
				0A3F7E7520805D9800FDA9E1 /* Debug */,
				0A3F7E7620805D9800FDA9E1 /* Release */,
			);
			defaultConfigurationIsVisible = 0;
			defaultConfigurationName = Release;
		};
		0A3F7E7720805D9800FDA9E1 /* Build configuration list for PBXNativeTarget "OOHTTP" */ = {
			isa = XCConfigurationList;
			buildConfigurations = (
				0A3F7E7820805D9800FDA9E1 /* Debug */,
				0A3F7E7920805D9800FDA9E1 /* Release */,
			);
			defaultConfigurationIsVisible = 0;
			defaultConfigurationName = Release;
		};
/* End XCConfigurationList section */
	};
	rootObject = 0A3F7E6620805D9800FDA9E1 /* Project object */;
}
